{
  "version": 4,
  "terraform_version": "1.14.5",
  "serial": 3,
  "lineage": "79a35c07-56f5-4c8a-c09b-4626099d547f",
  "outputs": {
    "dataset_id": {
      "value": "fdmdev_fantasy_br",
      "type": "string"
    },
    "dataset_self_link": {
      "value": "https://bigquery.googleapis.com/bigquery/v2/projects/fantasy-br/datasets/fdmdev_fantasy_br",
      "type": "string"
    },
    "environment": {
      "value": "dev",
      "type": "string"
    }
  },
  "resources": [
    {
      "mode": "managed",
      "type": "google_bigquery_dataset",
      "name": "fantasy_br",
      "provider": "provider[\"registry.terraform.io/hashicorp/google\"]",
      "instances": [
        {
          "schema_version": 0,
          "attributes": {
            "access": [
              {
                "dataset": [],
                "domain": "",
                "group_by_email": "",
                "iam_member": "",
                "role": "OWNER",
                "routine": [],
                "special_group": "projectOwners",
                "user_by_email": "",
                "view": []
              },
              {
                "dataset": [],
                "domain": "",
                "group_by_email": "",
                "iam_member": "",
                "role": "READER",
                "routine": [],
                "special_group": "projectReaders",
                "user_by_email": "",
                "view": []
              },
              {
                "dataset": [],
                "domain": "",
                "group_by_email": "",
                "iam_member": "",
                "role": "WRITER",
                "routine": [],
                "special_group": "projectWriters",
                "user_by_email": "",
                "view": []
              }
            ],
            "creation_time": 1771157784460,
            "dataset_id": "fdmdev_fantasy_br",
            "default_collation": "",
            "default_encryption_configuration": [],
            "default_partition_expiration_ms": 0,
            "default_table_expiration_ms": 0,
            "delete_contents_on_destroy": false,
            "description": "Fantasy BR dataset for dev environment",
            "effective_labels": {
              "environment": "dev",
              "project": "fantasy-br"
            },
            "etag": "Ty40BDHtgmeRt2i/sJC+8g==",
            "external_dataset_reference": [],
            "friendly_name": "",
            "id": "projects/fantasy-br/datasets/fdmdev_fantasy_br",
            "is_case_insensitive": false,
            "labels": {
              "environment": "dev",
              "project": "fantasy-br"
            },
            "last_modified_time": 1771258852781,
            "location": "US",
            "max_time_travel_hours": "168",
            "project": "fantasy-br",
            "resource_tags": {},
            "self_link": "https://bigquery.googleapis.com/bigquery/v2/projects/fantasy-br/datasets/fdmdev_fantasy_br",
            "storage_billing_model": "",
            "terraform_labels": {
              "environment": "dev",
              "project": "fantasy-br"
            },
            "timeouts": null
          },
          "sensitive_attributes": [],
          "identity_schema_version": 0,
          "private": "eyJlMmJmYjczMC1lY2FhLTExZTYtOGY4OC0zNDM2M2JjN2M0YzAiOnsiY3JlYXRlIjoxMjAwMDAwMDAwMDAwLCJkZWxldGUiOjEyMDAwMDAwMDAwMDAsInVwZGF0ZSI6MTIwMDAwMDAwMDAwMH19"
        }
      ]
    }
  ],
  "check_results": [
    {
      "object_kind": "var",
      "config_addr": "var.environment",
      "status": "pass",
      "objects": [
        {
          "object_addr": "var.environment",
          "status": "pass"
        }
      ]
    }
  ]
}
